// !$*UTF8*$!
{
	archiveVersion = 1;
	classes = {
	};
	objectVersion = 46;
	objects = {

/* Begin PBXBuildFile section */
		D4C6DA1D1B10212000879111 /* AppDelegate.swift in Sources */ = {isa = PBXBuildFile; fileRef = D4C6DA1C1B10212000879111 /* AppDelegate.swift */; };
		D4C6DA1F1B10212000879111 /* ViewController.swift in Sources */ = {isa = PBXBuildFile; fileRef = D4C6DA1E1B10212000879111 /* ViewController.swift */; };
		D4C6DA301B10212000879111 /* Aria2HelperTests.swift in Sources */ = {isa = PBXBuildFile; fileRef = D4C6DA2F1B10212000879111 /* Aria2HelperTests.swift */; };
		D4D531BB1B14FBE300EA209F /* Security.swift in Sources */ = {isa = PBXBuildFile; fileRef = D4D531B81B14FBE300EA209F /* Security.swift */; };
		D4D531BC1B14FBE300EA209F /* WebSocket.swift in Sources */ = {isa = PBXBuildFile; fileRef = D4D531BA1B14FBE300EA209F /* WebSocket.swift */; };
		D4D532BA1B14FE7D00EA209F /* webui.bundle in Resources */ = {isa = PBXBuildFile; fileRef = D4D532B91B14FE7D00EA209F /* webui.bundle */; };
		D4D532BC1B14FE9400EA209F /* webui.bundle in Resources */ = {isa = PBXBuildFile; fileRef = D4D532B91B14FE7D00EA209F /* webui.bundle */; };
		D4D532BD1B14FE9D00EA209F /* aria2c.bin in Resources */ = {isa = PBXBuildFile; fileRef = D4C6DA3E1B10334B00879111 /* aria2c.bin */; };
		D4D532BE1B14FEB400EA209F /* statusIcon.pdf in Resources */ = {isa = PBXBuildFile; fileRef = D414767C1B10F77000AD961A /* statusIcon.pdf */; };
		D4D532BF1B14FFBA00EA209F /* Main.storyboard in Resources */ = {isa = PBXBuildFile; fileRef = D4C6DA221B10212000879111 /* Main.storyboard */; };
		D4D532DD1B1501E900EA209F /* LICENSE in Resources */ = {isa = PBXBuildFile; fileRef = D4D532DB1B1501E900EA209F /* LICENSE */; };
		D4D532DE1B1501E900EA209F /* SwiftyJSON.swift in Sources */ = {isa = PBXBuildFile; fileRef = D4D532DC1B1501E900EA209F /* SwiftyJSON.swift */; };
/* End PBXBuildFile section */

/* Begin PBXContainerItemProxy section */
		D4C6DA2A1B10212000879111 /* PBXContainerItemProxy */ = {
			isa = PBXContainerItemProxy;
			containerPortal = D4C6DA0F1B10212000879111 /* Project object */;
			proxyType = 1;
			remoteGlobalIDString = D4C6DA161B10212000879111;
			remoteInfo = Aria2Helper;
		};
/* End PBXContainerItemProxy section */

/* Begin PBXCopyFilesBuildPhase section */
		D41476DB1B1156EC00AD961A /* Embed Frameworks */ = {
			isa = PBXCopyFilesBuildPhase;
			buildActionMask = 2147483647;
			dstPath = "";
			dstSubfolderSpec = 10;
			files = (
			);
			name = "Embed Frameworks";
			runOnlyForDeploymentPostprocessing = 0;
		};
/* End PBXCopyFilesBuildPhase section */

/* Begin PBXFileReference section */
		D414767C1B10F77000AD961A /* statusIcon.pdf */ = {isa = PBXFileReference; lastKnownFileType = image.pdf; path = statusIcon.pdf; sourceTree = "<group>"; };
		D4C6DA171B10212000879111 /* Aria2Helper.app */ = {isa = PBXFileReference; explicitFileType = wrapper.application; includeInIndex = 0; path = Aria2Helper.app; sourceTree = BUILT_PRODUCTS_DIR; };
		D4C6DA1B1B10212000879111 /* Info.plist */ = {isa = PBXFileReference; lastKnownFileType = text.plist.xml; path = Info.plist; sourceTree = "<group>"; };
		D4C6DA1C1B10212000879111 /* AppDelegate.swift */ = {isa = PBXFileReference; lastKnownFileType = sourcecode.swift; path = AppDelegate.swift; sourceTree = "<group>"; };
		D4C6DA1E1B10212000879111 /* ViewController.swift */ = {isa = PBXFileReference; lastKnownFileType = sourcecode.swift; path = ViewController.swift; sourceTree = "<group>"; };
		D4C6DA201B10212000879111 /* Images.xcassets */ = {isa = PBXFileReference; lastKnownFileType = folder.assetcatalog; path = Images.xcassets; sourceTree = "<group>"; };
		D4C6DA231B10212000879111 /* Base */ = {isa = PBXFileReference; lastKnownFileType = file.storyboard; name = Base; path = Base.lproj/Main.storyboard; sourceTree = "<group>"; };
		D4C6DA291B10212000879111 /* Aria2HelperTests.xctest */ = {isa = PBXFileReference; explicitFileType = wrapper.cfbundle; includeInIndex = 0; path = Aria2HelperTests.xctest; sourceTree = BUILT_PRODUCTS_DIR; };
		D4C6DA2E1B10212000879111 /* Info.plist */ = {isa = PBXFileReference; lastKnownFileType = text.plist.xml; path = Info.plist; sourceTree = "<group>"; };
		D4C6DA2F1B10212000879111 /* Aria2HelperTests.swift */ = {isa = PBXFileReference; lastKnownFileType = sourcecode.swift; path = Aria2HelperTests.swift; sourceTree = "<group>"; };
		D4C6DA3E1B10334B00879111 /* aria2c.bin */ = {isa = PBXFileReference; lastKnownFileType = archive.macbinary; path = aria2c.bin; sourceTree = "<group>"; };
		D4D531B81B14FBE300EA209F /* Security.swift */ = {isa = PBXFileReference; fileEncoding = 4; lastKnownFileType = sourcecode.swift; name = Security.swift; path = StarScream/Security.swift; sourceTree = "<group>"; };
		D4D531B91B14FBE300EA209F /* Starscream.h */ = {isa = PBXFileReference; fileEncoding = 4; lastKnownFileType = sourcecode.c.h; name = Starscream.h; path = StarScream/Starscream.h; sourceTree = "<group>"; };
		D4D531BA1B14FBE300EA209F /* WebSocket.swift */ = {isa = PBXFileReference; fileEncoding = 4; lastKnownFileType = sourcecode.swift; name = WebSocket.swift; path = StarScream/WebSocket.swift; sourceTree = "<group>"; };
		D4D532B91B14FE7D00EA209F /* webui.bundle */ = {isa = PBXFileReference; lastKnownFileType = "wrapper.plug-in"; path = webui.bundle; sourceTree = "<group>"; };
		D4D532DB1B1501E900EA209F /* LICENSE */ = {isa = PBXFileReference; fileEncoding = 4; lastKnownFileType = text; path = LICENSE; sourceTree = "<group>"; };
		D4D532DC1B1501E900EA209F /* SwiftyJSON.swift */ = {isa = PBXFileReference; fileEncoding = 4; lastKnownFileType = sourcecode.swift; path = SwiftyJSON.swift; sourceTree = "<group>"; };
/* End PBXFileReference section */

/* Begin PBXFrameworksBuildPhase section */
		D4C6DA141B10212000879111 /* Frameworks */ = {
			isa = PBXFrameworksBuildPhase;
			buildActionMask = 2147483647;
			files = (
			);
			runOnlyForDeploymentPostprocessing = 0;
		};
		D4C6DA261B10212000879111 /* Frameworks */ = {
			isa = PBXFrameworksBuildPhase;
			buildActionMask = 2147483647;
			files = (
			);
			runOnlyForDeploymentPostprocessing = 0;
		};
/* End PBXFrameworksBuildPhase section */

/* Begin PBXGroup section */
		D41476E11B1157CF00AD961A /* Starscream */ = {
			isa = PBXGroup;
			children = (
				D4D531B81B14FBE300EA209F /* Security.swift */,
				D4D531B91B14FBE300EA209F /* Starscream.h */,
				D4D531BA1B14FBE300EA209F /* WebSocket.swift */,
			);
			name = Starscream;
			sourceTree = "<group>";
		};
		D4C6DA0E1B10212000879111 = {
			isa = PBXGroup;
			children = (
				D4C6DA191B10212000879111 /* Aria2Helper */,
				D4C6DA2C1B10212000879111 /* Aria2HelperTests */,
				D4C6DA181B10212000879111 /* Products */,
			);
			sourceTree = "<group>";
		};
		D4C6DA181B10212000879111 /* Products */ = {
			isa = PBXGroup;
			children = (
				D4C6DA171B10212000879111 /* Aria2Helper.app */,
				D4C6DA291B10212000879111 /* Aria2HelperTests.xctest */,
			);
			name = Products;
			sourceTree = "<group>";
		};
		D4C6DA191B10212000879111 /* Aria2Helper */ = {
			isa = PBXGroup;
			children = (
				D4C6DA1C1B10212000879111 /* AppDelegate.swift */,
				D4C6DA1E1B10212000879111 /* ViewController.swift */,
				D4C6DA201B10212000879111 /* Images.xcassets */,
				D4C6DA221B10212000879111 /* Main.storyboard */,
				D4D532DA1B1501E900EA209F /* SwiftyJSON */,
				D41476E11B1157CF00AD961A /* Starscream */,
				D4C6DA1A1B10212000879111 /* Supporting Files */,
			);
			path = Aria2Helper;
			sourceTree = "<group>";
		};
		D4C6DA1A1B10212000879111 /* Supporting Files */ = {
			isa = PBXGroup;
			children = (
				D4D532B91B14FE7D00EA209F /* webui.bundle */,
				D4C6DA3E1B10334B00879111 /* aria2c.bin */,
				D4C6DA1B1B10212000879111 /* Info.plist */,
				D414767C1B10F77000AD961A /* statusIcon.pdf */,
			);
			name = "Supporting Files";
			sourceTree = "<group>";
		};
		D4C6DA2C1B10212000879111 /* Aria2HelperTests */ = {
			isa = PBXGroup;
			children = (
				D4C6DA2F1B10212000879111 /* Aria2HelperTests.swift */,
				D4C6DA2D1B10212000879111 /* Supporting Files */,
			);
			path = Aria2HelperTests;
			sourceTree = "<group>";
		};
		D4C6DA2D1B10212000879111 /* Supporting Files */ = {
			isa = PBXGroup;
			children = (
				D4C6DA2E1B10212000879111 /* Info.plist */,
			);
			name = "Supporting Files";
			sourceTree = "<group>";
		};
		D4D532DA1B1501E900EA209F /* SwiftyJSON */ = {
			isa = PBXGroup;
			children = (
				D4D532DB1B1501E900EA209F /* LICENSE */,
				D4D532DC1B1501E900EA209F /* SwiftyJSON.swift */,
			);
			path = SwiftyJSON;
			sourceTree = "<group>";
		};
/* End PBXGroup section */

/* Begin PBXNativeTarget section */
		D4C6DA161B10212000879111 /* Aria2Helper */ = {
			isa = PBXNativeTarget;
			buildConfigurationList = D4C6DA331B10212000879111 /* Build configuration list for PBXNativeTarget "Aria2Helper" */;
			buildPhases = (
				D4C6DA131B10212000879111 /* Sources */,
				D4C6DA141B10212000879111 /* Frameworks */,
				D4D532BB1B14FE9100EA209F /* Resources */,
				D41476DB1B1156EC00AD961A /* Embed Frameworks */,
			);
			buildRules = (
			);
			dependencies = (
			);
			name = Aria2Helper;
			productName = Aria2Helper;
			productReference = D4C6DA171B10212000879111 /* Aria2Helper.app */;
			productType = "com.apple.product-type.application";
		};
		D4C6DA281B10212000879111 /* Aria2HelperTests */ = {
			isa = PBXNativeTarget;
			buildConfigurationList = D4C6DA361B10212000879111 /* Build configuration list for PBXNativeTarget "Aria2HelperTests" */;
			buildPhases = (
				D4C6DA251B10212000879111 /* Sources */,
				D4C6DA261B10212000879111 /* Frameworks */,
				D4C6DA271B10212000879111 /* Resources */,
			);
			buildRules = (
			);
			dependencies = (
				D4C6DA2B1B10212000879111 /* PBXTargetDependency */,
			);
			name = Aria2HelperTests;
			productName = Aria2HelperTests;
			productReference = D4C6DA291B10212000879111 /* Aria2HelperTests.xctest */;
			productType = "com.apple.product-type.bundle.unit-test";
		};
/* End PBXNativeTarget section */

/* Begin PBXProject section */
		D4C6DA0F1B10212000879111 /* Project object */ = {
			isa = PBXProject;
			attributes = {
				LastUpgradeCheck = 0630;
				ORGANIZATIONNAME = "Yifan Gu";
				TargetAttributes = {
					D4C6DA161B10212000879111 = {
						CreatedOnToolsVersion = 6.3.2;
					};
					D4C6DA281B10212000879111 = {
						CreatedOnToolsVersion = 6.3.2;
						TestTargetID = D4C6DA161B10212000879111;
					};
				};
			};
			buildConfigurationList = D4C6DA121B10212000879111 /* Build configuration list for PBXProject "Aria2Helper" */;
			compatibilityVersion = "Xcode 3.2";
			developmentRegion = English;
			hasScannedForEncodings = 0;
			knownRegions = (
				en,
				Base,
			);
			mainGroup = D4C6DA0E1B10212000879111;
			productRefGroup = D4C6DA181B10212000879111 /* Products */;
			projectDirPath = "";
			projectRoot = "";
			targets = (
				D4C6DA161B10212000879111 /* Aria2Helper */,
				D4C6DA281B10212000879111 /* Aria2HelperTests */,
			);
		};
/* End PBXProject section */

/* Begin PBXResourcesBuildPhase section */
		D4C6DA271B10212000879111 /* Resources */ = {
			isa = PBXResourcesBuildPhase;
			buildActionMask = 2147483647;
			files = (
				D4D532BA1B14FE7D00EA209F /* webui.bundle in Resources */,
			);
			runOnlyForDeploymentPostprocessing = 0;
		};
		D4D532BB1B14FE9100EA209F /* Resources */ = {
			isa = PBXResourcesBuildPhase;
			buildActionMask = 2147483647;
			files = (
				D4D532BF1B14FFBA00EA209F /* Main.storyboard in Resources */,
				D4D532BC1B14FE9400EA209F /* webui.bundle in Resources */,
				D4D532BD1B14FE9D00EA209F /* aria2c.bin in Resources */,
				D4D532BE1B14FEB400EA209F /* statusIcon.pdf in Resources */,
				D4D532DD1B1501E900EA209F /* LICENSE in Resources */,
			);
			runOnlyForDeploymentPostprocessing = 0;
		};
/* End PBXResourcesBuildPhase section */

/* Begin PBXSourcesBuildPhase section */
		D4C6DA131B10212000879111 /* Sources */ = {
			isa = PBXSourcesBuildPhase;
			buildActionMask = 2147483647;
			files = (
				D4C6DA1F1B10212000879111 /* ViewController.swift in Sources */,
				D4D531BC1B14FBE300EA209F /* WebSocket.swift in Sources */,
				D4C6DA1D1B10212000879111 /* AppDelegate.swift in Sources */,
				D4D532DE1B1501E900EA209F /* SwiftyJSON.swift in Sources */,
				D4D531BB1B14FBE300EA209F /* Security.swift in Sources */,
			);
			runOnlyForDeploymentPostprocessing = 0;
		};
		D4C6DA251B10212000879111 /* Sources */ = {
			isa = PBXSourcesBuildPhase;
			buildActionMask = 2147483647;
			files = (
				D4C6DA301B10212000879111 /* Aria2HelperTests.swift in Sources */,
			);
			runOnlyForDeploymentPostprocessing = 0;
		};
/* End PBXSourcesBuildPhase section */

/* Begin PBXTargetDependency section */
		D4C6DA2B1B10212000879111 /* PBXTargetDependency */ = {
			isa = PBXTargetDependency;
			target = D4C6DA161B10212000879111 /* Aria2Helper */;
			targetProxy = D4C6DA2A1B10212000879111 /* PBXContainerItemProxy */;
		};
/* End PBXTargetDependency section */

/* Begin PBXVariantGroup section */
		D4C6DA221B10212000879111 /* Main.storyboard */ = {
			isa = PBXVariantGroup;
			children = (
				D4C6DA231B10212000879111 /* Base */,
			);
			name = Main.storyboard;
			sourceTree = "<group>";
		};
/* End PBXVariantGroup section */

/* Begin XCBuildConfiguration section */
		D4C6DA311B10212000879111 /* Debug */ = {
			isa = XCBuildConfiguration;
			buildSettings = {
				ALWAYS_SEARCH_USER_PATHS = NO;
				CLANG_CXX_LANGUAGE_STANDARD = "gnu++0x";
				CLANG_CXX_LIBRARY = "libc++";
				CLANG_ENABLE_MODULES = YES;
				CLANG_ENABLE_OBJC_ARC = YES;
				CLANG_WARN_BOOL_CONVERSION = YES;
				CLANG_WARN_CONSTANT_CONVERSION = YES;
				CLANG_WARN_DIRECT_OBJC_ISA_USAGE = YES_ERROR;
				CLANG_WARN_EMPTY_BODY = YES;
				CLANG_WARN_ENUM_CONVERSION = YES;
				CLANG_WARN_INT_CONVERSION = YES;
				CLANG_WARN_OBJC_ROOT_CLASS = YES_ERROR;
				CLANG_WARN_UNREACHABLE_CODE = YES;
				CLANG_WARN__DUPLICATE_METHOD_MATCH = YES;
				CODE_SIGN_IDENTITY = "-";
				COPY_PHASE_STRIP = NO;
				DEBUG_INFORMATION_FORMAT = dwarf;
				ENABLE_STRICT_OBJC_MSGSEND = YES;
				GCC_C_LANGUAGE_STANDARD = gnu99;
				GCC_DYNAMIC_NO_PIC = NO;
				GCC_NO_COMMON_BLOCKS = YES;
				GCC_OPTIMIZATION_LEVEL = 0;
				GCC_PREPROCESSOR_DEFINITIONS = (
					"DEBUG=1",
					"$(inherited)",
				);
				GCC_SYMBOLS_PRIVATE_EXTERN = NO;
				GCC_WARN_64_TO_32_BIT_CONVERSION = YES;
				GCC_WARN_ABOUT_RETURN_TYPE = YES_ERROR;
				GCC_WARN_UNDECLARED_SELECTOR = YES;
				GCC_WARN_UNINITIALIZED_AUTOS = YES_AGGRESSIVE;
				GCC_WARN_UNUSED_FUNCTION = YES;
				GCC_WARN_UNUSED_VARIABLE = YES;
				MACOSX_DEPLOYMENT_TARGET = 10.10;
				MTL_ENABLE_DEBUG_INFO = YES;
				ONLY_ACTIVE_ARCH = YES;
				SDKROOT = macosx;
				SWIFT_OPTIMIZATION_LEVEL = "-Onone";
			};
			name = Debug;
		};
		D4C6DA321B10212000879111 /* Release */ = {
			isa = XCBuildConfiguration;
			buildSettings = {
				ALWAYS_SEARCH_USER_PATHS = NO;
				CLANG_CXX_LANGUAGE_STANDARD = "gnu++0x";
				CLANG_CXX_LIBRARY = "libc++";
				CLANG_ENABLE_MODULES = YES;
				CLANG_ENABLE_OBJC_ARC = YES;
				CLANG_WARN_BOOL_CONVERSION = YES;
				CLANG_WARN_CONSTANT_CONVERSION = YES;
				CLANG_WARN_DIRECT_OBJC_ISA_USAGE = YES_ERROR;
				CLANG_WARN_EMPTY_BODY = YES;
				CLANG_WARN_ENUM_CONVERSION = YES;
				CLANG_WARN_INT_CONVERSION = YES;
				CLANG_WARN_OBJC_ROOT_CLASS = YES_ERROR;
				CLANG_WARN_UNREACHABLE_CODE = YES;
				CLANG_WARN__DUPLICATE_METHOD_MATCH = YES;
				CODE_SIGN_IDENTITY = "-";
				COPY_PHASE_STRIP = NO;
				DEBUG_INFORMATION_FORMAT = "dwarf-with-dsym";
				ENABLE_NS_ASSERTIONS = NO;
				ENABLE_STRICT_OBJC_MSGSEND = YES;
				GCC_C_LANGUAGE_STANDARD = gnu99;
				GCC_NO_COMMON_BLOCKS = YES;
				GCC_WARN_64_TO_32_BIT_CONVERSION = YES;
				GCC_WARN_ABOUT_RETURN_TYPE = YES_ERROR;
				GCC_WARN_UNDECLARED_SELECTOR = YES;
				GCC_WARN_UNINITIALIZED_AUTOS = YES_AGGRESSIVE;
				GCC_WARN_UNUSED_FUNCTION = YES;
				GCC_WARN_UNUSED_VARIABLE = YES;
				MACOSX_DEPLOYMENT_TARGET = 10.10;
				MTL_ENABLE_DEBUG_INFO = NO;
				SDKROOT = macosx;
			};
			name = Release;
		};
		D4C6DA341B10212000879111 /* Debug */ = {
			isa = XCBuildConfiguration;
			buildSettings = {
				ASSETCATALOG_COMPILER_APPICON_NAME = AppIcon;
				COMBINE_HIDPI_IMAGES = YES;
				FRAMEWORK_SEARCH_PATHS = (
					"$(inherited)",
					"$(USER_LIBRARY_DIR)/Developer/Xcode/DerivedData/Starscream-atspjezakzfbpibfejwkoargjqjb/Build/Products/Debug",
				);
				INFOPLIST_FILE = Aria2Helper/Info.plist;
				LD_RUNPATH_SEARCH_PATHS = "$(inherited) @executable_path/../Frameworks";
				MACOSX_DEPLOYMENT_TARGET = 10.9;
				PRODUCT_NAME = "$(TARGET_NAME)";
			};
			name = Debug;
		};
		D4C6DA351B10212000879111 /* Release */ = {
			isa = XCBuildConfiguration;
			buildSettings = {
				ASSETCATALOG_COMPILER_APPICON_NAME = AppIcon;
				COMBINE_HIDPI_IMAGES = YES;
				FRAMEWORK_SEARCH_PATHS = (
					"$(inherited)",
					"$(USER_LIBRARY_DIR)/Developer/Xcode/DerivedData/Starscream-atspjezakzfbpibfejwkoargjqjb/Build/Products/Debug",
				);
				INFOPLIST_FILE = Aria2Helper/Info.plist;
				LD_RUNPATH_SEARCH_PATHS = "$(inherited) @executable_path/../Frameworks";
				MACOSX_DEPLOYMENT_TARGET = 10.9;
				PRODUCT_NAME = "$(TARGET_NAME)";
			};
			name = Release;
		};
		D4C6DA371B10212000879111 /* Debug */ = {
			isa = XCBuildConfiguration;
			buildSettings = {
				BUNDLE_LOADER = "$(TEST_HOST)";
				COMBINE_HIDPI_IMAGES = YES;
				FRAMEWORK_SEARCH_PATHS = (
					"$(DEVELOPER_FRAMEWORKS_DIR)",
					"$(inherited)",
				);
				GCC_PREPROCESSOR_DEFINITIONS = (
					"DEBUG=1",
					"$(inherited)",
				);
				INFOPLIST_FILE = Aria2HelperTests/Info.plist;
				LD_RUNPATH_SEARCH_PATHS = "$(inherited) @executable_path/../Frameworks @loader_path/../Frameworks";
				PRODUCT_NAME = "$(TARGET_NAME)";
				TEST_HOST = "$(BUILT_PRODUCTS_DIR)/Aria2Helper.app/Contents/MacOS/Aria2Helper";
			};
			name = Debug;
		};
		D4C6DA381B10212000879111 /* Release */ = {
			isa = XCBuildConfiguration;
			buildSettings = {
				BUNDLE_LOADER = "$(TEST_HOST)";
				COMBINE_HIDPI_IMAGES = YES;
				FRAMEWORK_SEARCH_PATHS = (
					"$(DEVELOPER_FRAMEWORKS_DIR)",
					"$(inherited)",
				);
				INFOPLIST_FILE = Aria2HelperTests/Info.plist;
				LD_RUNPATH_SEARCH_PATHS = "$(inherited) @executable_path/../Frameworks @loader_path/../Frameworks";
				PRODUCT_NAME = "$(TARGET_NAME)";
				TEST_HOST = "$(BUILT_PRODUCTS_DIR)/Aria2Helper.app/Contents/MacOS/Aria2Helper";
			};
			name = Release;
		};
/* End XCBuildConfiguration section */

/* Begin XCConfigurationList section */
		D4C6DA121B10212000879111 /* Build configuration list for PBXProject "Aria2Helper" */ = {
			isa = XCConfigurationList;
			buildConfigurations = (
				D4C6DA311B10212000879111 /* Debug */,
				D4C6DA321B10212000879111 /* Release */,
			);
			defaultConfigurationIsVisible = 0;
			defaultConfigurationName = Release;
		};
		D4C6DA331B10212000879111 /* Build configuration list for PBXNativeTarget "Aria2Helper" */ = {
			isa = XCConfigurationList;
			buildConfigurations = (
				D4C6DA341B10212000879111 /* Debug */,
				D4C6DA351B10212000879111 /* Release */,
			);
			defaultConfigurationIsVisible = 0;
			defaultConfigurationName = Release;
		};
		D4C6DA361B10212000879111 /* Build configuration list for PBXNativeTarget "Aria2HelperTests" */ = {
			isa = XCConfigurationList;
			buildConfigurations = (
				D4C6DA371B10212000879111 /* Debug */,
				D4C6DA381B10212000879111 /* Release */,
			);
			defaultConfigurationIsVisible = 0;
			defaultConfigurationName = Release;
		};
/* End XCConfigurationList section */
	};
	rootObject = D4C6DA0F1B10212000879111 /* Project object */;
}
